// !$*UTF8*$!
{
	archiveVersion = 1;
	classes = {
	};
	objectVersion = 56;
	objects = {

/* Begin PBXBuildFile section */
		CB2136E629437EAE00A1E992 /* BrooksLawApp.swift in Sources */ = {isa = PBXBuildFile; fileRef = CB2136E529437EAE00A1E992 /* BrooksLawApp.swift */; };
		CB2136E829437EAE00A1E992 /* ContentView.swift in Sources */ = {isa = PBXBuildFile; fileRef = CB2136E729437EAE00A1E992 /* ContentView.swift */; };
		CB2136EA29437EB000A1E992 /* Assets.xcassets in Resources */ = {isa = PBXBuildFile; fileRef = CB2136E929437EB000A1E992 /* Assets.xcassets */; };
		CB2136ED29437EB000A1E992 /* Preview Assets.xcassets in Resources */ = {isa = PBXBuildFile; fileRef = CB2136EC29437EB000A1E992 /* Preview Assets.xcassets */; };
		CB2136F729437F1E00A1E992 /* LineView.swift in Sources */ = {isa = PBXBuildFile; fileRef = CB2136F629437F1E00A1E992 /* LineView.swift */; };
		CB2136F929437F2D00A1E992 /* Line.swift in Sources */ = {isa = PBXBuildFile; fileRef = CB2136F829437F2D00A1E992 /* Line.swift */; };
		CB2136FD29437FAA00A1E992 /* Extensions.swift in Sources */ = {isa = PBXBuildFile; fileRef = CB2136FC29437FAA00A1E992 /* Extensions.swift */; };
		CB2136FF29437FED00A1E992 /* Engine.swift in Sources */ = {isa = PBXBuildFile; fileRef = CB2136FE29437FED00A1E992 /* Engine.swift */; };
		CB213701294384B800A1E992 /* Point.swift in Sources */ = {isa = PBXBuildFile; fileRef = CB213700294384B800A1E992 /* Point.swift */; };
/* End PBXBuildFile section */

/* Begin PBXFileReference section */
		CB2136E229437EAE00A1E992 /* BrooksLaw.app */ = {isa = PBXFileReference; explicitFileType = wrapper.application; includeInIndex = 0; path = BrooksLaw.app; sourceTree = BUILT_PRODUCTS_DIR; };
		CB2136E529437EAE00A1E992 /* BrooksLawApp.swift */ = {isa = PBXFileReference; lastKnownFileType = sourcecode.swift; path = BrooksLawApp.swift; sourceTree = "<group>"; };
		CB2136E729437EAE00A1E992 /* ContentView.swift */ = {isa = PBXFileReference; lastKnownFileType = sourcecode.swift; path = ContentView.swift; sourceTree = "<group>"; };
		CB2136E929437EB000A1E992 /* Assets.xcassets */ = {isa = PBXFileReference; lastKnownFileType = folder.assetcatalog; path = Assets.xcassets; sourceTree = "<group>"; };
		CB2136EC29437EB000A1E992 /* Preview Assets.xcassets */ = {isa = PBXFileReference; lastKnownFileType = folder.assetcatalog; path = "Preview Assets.xcassets"; sourceTree = "<group>"; };
		CB2136F629437F1E00A1E992 /* LineView.swift */ = {isa = PBXFileReference; lastKnownFileType = sourcecode.swift; path = LineView.swift; sourceTree = "<group>"; };
		CB2136F829437F2D00A1E992 /* Line.swift */ = {isa = PBXFileReference; lastKnownFileType = sourcecode.swift; path = Line.swift; sourceTree = "<group>"; };
		CB2136FC29437FAA00A1E992 /* Extensions.swift */ = {isa = PBXFileReference; lastKnownFileType = sourcecode.swift; path = Extensions.swift; sourceTree = "<group>"; };
		CB2136FE29437FED00A1E992 /* Engine.swift */ = {isa = PBXFileReference; lastKnownFileType = sourcecode.swift; path = Engine.swift; sourceTree = "<group>"; };
		CB213700294384B800A1E992 /* Point.swift */ = {isa = PBXFileReference; lastKnownFileType = sourcecode.swift; path = Point.swift; sourceTree = "<group>"; };
/* End PBXFileReference section */

/* Begin PBXFrameworksBuildPhase section */
		CB2136DF29437EAE00A1E992 /* Frameworks */ = {
			isa = PBXFrameworksBuildPhase;
			buildActionMask = 2147483647;
			files = (
			);
			runOnlyForDeploymentPostprocessing = 0;
		};
/* End PBXFrameworksBuildPhase section */

/* Begin PBXGroup section */
		CB2136D929437EAD00A1E992 = {
			isa = PBXGroup;
			children = (
				CB2136E429437EAE00A1E992 /* BrooksLaw */,
				CB2136E329437EAE00A1E992 /* Products */,
			);
			sourceTree = "<group>";
		};
		CB2136E329437EAE00A1E992 /* Products */ = {
			isa = PBXGroup;
			children = (
				CB2136E229437EAE00A1E992 /* BrooksLaw.app */,
			);
			name = Products;
			sourceTree = "<group>";
		};
		CB2136E429437EAE00A1E992 /* BrooksLaw */ = {
			isa = PBXGroup;
			children = (
				CB2136E529437EAE00A1E992 /* BrooksLawApp.swift */,
				CB2136E729437EAE00A1E992 /* ContentView.swift */,
				CB2136FE29437FED00A1E992 /* Engine.swift */,
				CB2136F529437F0C00A1E992 /* View */,
				CB2136F329437EF900A1E992 /* Model */,
				CB2136F429437F0800A1E992 /* Extensions */,
				CB2136E929437EB000A1E992 /* Assets.xcassets */,
				CB2136EB29437EB000A1E992 /* Preview Content */,
			);
			path = BrooksLaw;
			sourceTree = "<group>";
		};
		CB2136EB29437EB000A1E992 /* Preview Content */ = {
			isa = PBXGroup;
			children = (
				CB2136EC29437EB000A1E992 /* Preview Assets.xcassets */,
			);
			path = "Preview Content";
			sourceTree = "<group>";
		};
		CB2136F329437EF900A1E992 /* Model */ = {
			isa = PBXGroup;
			children = (
				CB2136F829437F2D00A1E992 /* Line.swift */,
				CB213700294384B800A1E992 /* Point.swift */,
			);
			path = Model;
			sourceTree = "<group>";
		};
		CB2136F429437F0800A1E992 /* Extensions */ = {
			isa = PBXGroup;
			children = (
				CB2136FC29437FAA00A1E992 /* Extensions.swift */,
			);
			path = Extensions;
			sourceTree = "<group>";
		};
		CB2136F529437F0C00A1E992 /* View */ = {
			isa = PBXGroup;
			children = (
				CB2136F629437F1E00A1E992 /* LineView.swift */,
			);
			path = View;
			sourceTree = "<group>";
		};
/* End PBXGroup section */

/* Begin PBXNativeTarget section */
		CB2136E129437EAE00A1E992 /* BrooksLaw */ = {
			isa = PBXNativeTarget;
			buildConfigurationList = CB2136F029437EB000A1E992 /* Build configuration list for PBXNativeTarget "BrooksLaw" */;
			buildPhases = (
				CB2136DE29437EAE00A1E992 /* Sources */,
				CB2136DF29437EAE00A1E992 /* Frameworks */,
				CB2136E029437EAE00A1E992 /* Resources */,
			);
			buildRules = (
			);
			dependencies = (
			);
			name = BrooksLaw;
			productName = BrooksLaw;
			productReference = CB2136E229437EAE00A1E992 /* BrooksLaw.app */;
			productType = "com.apple.product-type.application";
		};
/* End PBXNativeTarget section */

/* Begin PBXProject section */
		CB2136DA29437EAD00A1E992 /* Project object */ = {
			isa = PBXProject;
			attributes = {
				BuildIndependentTargetsInParallel = 1;
				LastSwiftUpdateCheck = 1400;
				LastUpgradeCheck = 1400;
				TargetAttributes = {
					CB2136E129437EAE00A1E992 = {
						CreatedOnToolsVersion = 14.0;
					};
				};
			};
			buildConfigurationList = CB2136DD29437EAE00A1E992 /* Build configuration list for PBXProject "BrooksLaw" */;
			compatibilityVersion = "Xcode 14.0";
			developmentRegion = en;
			hasScannedForEncodings = 0;
			knownRegions = (
				en,
				Base,
			);
			mainGroup = CB2136D929437EAD00A1E992;
			productRefGroup = CB2136E329437EAE00A1E992 /* Products */;
			projectDirPath = "";
			projectRoot = "";
			targets = (
				CB2136E129437EAE00A1E992 /* BrooksLaw */,
			);
		};
/* End PBXProject section */

/* Begin PBXResourcesBuildPhase section */
		CB2136E029437EAE00A1E992 /* Resources */ = {
			isa = PBXResourcesBuildPhase;
			buildActionMask = 2147483647;
			files = (
				CB2136ED29437EB000A1E992 /* Preview Assets.xcassets in Resources */,
				CB2136EA29437EB000A1E992 /* Assets.xcassets in Resources */,
			);
			runOnlyForDeploymentPostprocessing = 0;
		};
/* End PBXResourcesBuildPhase section */

/* Begin PBXSourcesBuildPhase section */
		CB2136DE29437EAE00A1E992 /* Sources */ = {
			isa = PBXSourcesBuildPhase;
			buildActionMask = 2147483647;
			files = (
				CB2136E829437EAE00A1E992 /* ContentView.swift in Sources */,
				CB2136FF29437FED00A1E992 /* Engine.swift in Sources */,
				CB2136FD29437FAA00A1E992 /* Extensions.swift in Sources */,
				CB2136F929437F2D00A1E992 /* Line.swift in Sources */,
				CB213701294384B800A1E992 /* Point.swift in Sources */,
				CB2136E629437EAE00A1E992 /* BrooksLawApp.swift in Sources */,
				CB2136F729437F1E00A1E992 /* LineView.swift in Sources */,
			);
			runOnlyForDeploymentPostprocessing = 0;
		};
/* End PBXSourcesBuildPhase section */

/* Begin XCBuildConfiguration section */
		CB2136EE29437EB000A1E992 /* Debug */ = {
			isa = XCBuildConfiguration;
			buildSettings = {
				ALWAYS_SEARCH_USER_PATHS = NO;
				CLANG_ANALYZER_NONNULL = YES;
				CLANG_ANALYZER_NUMBER_OBJECT_CONVERSION = YES_AGGRESSIVE;
				CLANG_CXX_LANGUAGE_STANDARD = "gnu++20";
				CLANG_ENABLE_MODULES = YES;
				CLANG_ENABLE_OBJC_ARC = YES;
				CLANG_ENABLE_OBJC_WEAK = YES;
				CLANG_WARN_BLOCK_CAPTURE_AUTORELEASING = YES;
				CLANG_WARN_BOOL_CONVERSION = YES;
				CLANG_WARN_COMMA = YES;
				CLANG_WARN_CONSTANT_CONVERSION = YES;
				CLANG_WARN_DEPRECATED_OBJC_IMPLEMENTATIONS = YES;
				CLANG_WARN_DIRECT_OBJC_ISA_USAGE = YES_ERROR;
				CLANG_WARN_DOCUMENTATION_COMMENTS = YES;
				CLANG_WARN_EMPTY_BODY = YES;
				CLANG_WARN_ENUM_CONVERSION = YES;
				CLANG_WARN_INFINITE_RECURSION = YES;
				CLANG_WARN_INT_CONVERSION = YES;
				CLANG_WARN_NON_LITERAL_NULL_CONVERSION = YES;
				CLANG_WARN_OBJC_IMPLICIT_RETAIN_SELF = YES;
				CLANG_WARN_OBJC_LITERAL_CONVERSION = YES;
				CLANG_WARN_OBJC_ROOT_CLASS = YES_ERROR;
				CLANG_WARN_QUOTED_INCLUDE_IN_FRAMEWORK_HEADER = YES;
				CLANG_WARN_RANGE_LOOP_ANALYSIS = YES;
				CLANG_WARN_STRICT_PROTOTYPES = YES;
				CLANG_WARN_SUSPICIOUS_MOVE = YES;
				CLANG_WARN_UNGUARDED_AVAILABILITY = YES_AGGRESSIVE;
				CLANG_WARN_UNREACHABLE_CODE = YES;
				CLANG_WARN__DUPLICATE_METHOD_MATCH = YES;
				COPY_PHASE_STRIP = NO;
				DEBUG_INFORMATION_FORMAT = dwarf;
				ENABLE_STRICT_OBJC_MSGSEND = YES;
				ENABLE_TESTABILITY = YES;
				GCC_C_LANGUAGE_STANDARD = gnu11;
				GCC_DYNAMIC_NO_PIC = NO;
				GCC_NO_COMMON_BLOCKS = YES;
				GCC_OPTIMIZATION_LEVEL = 0;
				GCC_PREPROCESSOR_DEFINITIONS = (
					"DEBUG=1",
					"$(inherited)",
				);
				GCC_WARN_64_TO_32_BIT_CONVERSION = YES;
				GCC_WARN_ABOUT_RETURN_TYPE = YES_ERROR;
				GCC_WARN_UNDECLARED_SELECTOR = YES;
				GCC_WARN_UNINITIALIZED_AUTOS = YES_AGGRESSIVE;
				GCC_WARN_UNUSED_FUNCTION = YES;
				GCC_WARN_UNUSED_VARIABLE = YES;
				IPHONEOS_DEPLOYMENT_TARGET = 16.0;
				MTL_ENABLE_DEBUG_INFO = INCLUDE_SOURCE;
				MTL_FAST_MATH = YES;
				ONLY_ACTIVE_ARCH = YES;
				SDKROOT = iphoneos;
				SWIFT_ACTIVE_COMPILATION_CONDITIONS = DEBUG;
				SWIFT_OPTIMIZATION_LEVEL = "-Onone";
			};
			name = Debug;
		};
		CB2136EF29437EB000A1E992 /* Release */ = {
			isa = XCBuildConfiguration;
			buildSettings = {
				ALWAYS_SEARCH_USER_PATHS = NO;
				CLANG_ANALYZER_NONNULL = YES;
				CLANG_ANALYZER_NUMBER_OBJECT_CONVERSION = YES_AGGRESSIVE;
				CLANG_CXX_LANGUAGE_STANDARD = "gnu++20";
				CLANG_ENABLE_MODULES = YES;
				CLANG_ENABLE_OBJC_ARC = YES;
				CLANG_ENABLE_OBJC_WEAK = YES;
				CLANG_WARN_BLOCK_CAPTURE_AUTORELEASING = YES;
				CLANG_WARN_BOOL_CONVERSION = YES;
				CLANG_WARN_COMMA = YES;
				CLANG_WARN_CONSTANT_CONVERSION = YES;
				CLANG_WARN_DEPRECATED_OBJC_IMPLEMENTATIONS = YES;
				CLANG_WARN_DIRECT_OBJC_ISA_USAGE = YES_ERROR;
				CLANG_WARN_DOCUMENTATION_COMMENTS = YES;
				CLANG_WARN_EMPTY_BODY = YES;
				CLANG_WARN_ENUM_CONVERSION = YES;
				CLANG_WARN_INFINITE_RECURSION = YES;
				CLANG_WARN_INT_CONVERSION = YES;
				CLANG_WARN_NON_LITERAL_NULL_CONVERSION = YES;
				CLANG_WARN_OBJC_IMPLICIT_RETAIN_SELF = YES;
				CLANG_WARN_OBJC_LITERAL_CONVERSION = YES;
				CLANG_WARN_OBJC_ROOT_CLASS = YES_ERROR;
				CLANG_WARN_QUOTED_INCLUDE_IN_FRAMEWORK_HEADER = YES;
				CLANG_WARN_RANGE_LOOP_ANALYSIS = YES;
				CLANG_WARN_STRICT_PROTOTYPES = YES;
				CLANG_WARN_SUSPICIOUS_MOVE = YES;
				CLANG_WARN_UNGUARDED_AVAILABILITY = YES_AGGRESSIVE;
				CLANG_WARN_UNREACHABLE_CODE = YES;
				CLANG_WARN__DUPLICATE_METHOD_MATCH = YES;
				COPY_PHASE_STRIP = NO;
				DEBUG_INFORMATION_FORMAT = "dwarf-with-dsym";
				ENABLE_NS_ASSERTIONS = NO;
				ENABLE_STRICT_OBJC_MSGSEND = YES;
				GCC_C_LANGUAGE_STANDARD = gnu11;
				GCC_NO_COMMON_BLOCKS = YES;
				GCC_WARN_64_TO_32_BIT_CONVERSION = YES;
				GCC_WARN_ABOUT_RETURN_TYPE = YES_ERROR;
				GCC_WARN_UNDECLARED_SELECTOR = YES;
				GCC_WARN_UNINITIALIZED_AUTOS = YES_AGGRESSIVE;
				GCC_WARN_UNUSED_FUNCTION = YES;
				GCC_WARN_UNUSED_VARIABLE = YES;
				IPHONEOS_DEPLOYMENT_TARGET = 16.0;
				MTL_ENABLE_DEBUG_INFO = NO;
				MTL_FAST_MATH = YES;
				SDKROOT = iphoneos;
				SWIFT_COMPILATION_MODE = wholemodule;
				SWIFT_OPTIMIZATION_LEVEL = "-O";
				VALIDATE_PRODUCT = YES;
			};
			name = Release;
		};
		CB2136F129437EB000A1E992 /* Debug */ = {
			isa = XCBuildConfiguration;
			buildSettings = {
				ASSETCATALOG_COMPILER_APPICON_NAME = AppIcon;
				ASSETCATALOG_COMPILER_GLOBAL_ACCENT_COLOR_NAME = AccentColor;
				CODE_SIGN_STYLE = Automatic;
				CURRENT_PROJECT_VERSION = 1;
				DEVELOPMENT_ASSET_PATHS = "\"BrooksLaw/Preview Content\"";
				DEVELOPMENT_TEAM = 6V9B6LUW22;
				ENABLE_PREVIEWS = YES;
				GENERATE_INFOPLIST_FILE = YES;
				INFOPLIST_KEY_UIApplicationSceneManifest_Generation = YES;
				INFOPLIST_KEY_UIApplicationSupportsIndirectInputEvents = YES;
				INFOPLIST_KEY_UILaunchScreen_Generation = YES;
				INFOPLIST_KEY_UISupportedInterfaceOrientations_iPad = "UIInterfaceOrientationPortrait UIInterfaceOrientationPortraitUpsideDown UIInterfaceOrientationLandscapeLeft UIInterfaceOrientationLandscapeRight";
				INFOPLIST_KEY_UISupportedInterfaceOrientations_iPhone = "UIInterfaceOrientationPortrait UIInterfaceOrientationLandscapeLeft UIInterfaceOrientationLandscapeRight";
				LD_RUNPATH_SEARCH_PATHS = (
					"$(inherited)",
					"@executable_path/Frameworks",
				);
				MARKETING_VERSION = 1.0;
				PRODUCT_BUNDLE_IDENTIFIER = com.abc.incs.cedricbahirwe.BrooksLaw;
				PRODUCT_NAME = "$(TARGET_NAME)";
				SWIFT_EMIT_LOC_STRINGS = YES;
				SWIFT_VERSION = 5.0;
				TARGETED_DEVICE_FAMILY = "1,2";
			};
			name = Debug;
		};
		CB2136F229437EB000A1E992 /* Release */ = {
			isa = XCBuildConfiguration;
			buildSettings = {
				ASSETCATALOG_COMPILER_APPICON_NAME = AppIcon;
				ASSETCATALOG_COMPILER_GLOBAL_ACCENT_COLOR_NAME = AccentColor;
				CODE_SIGN_STYLE = Automatic;
				CURRENT_PROJECT_VERSION = 1;
				DEVELOPMENT_ASSET_PATHS = "\"BrooksLaw/Preview Content\"";
				DEVELOPMENT_TEAM = 6V9B6LUW22;
				ENABLE_PREVIEWS = YES;
				GENERATE_INFOPLIST_FILE = YES;
				INFOPLIST_KEY_UIApplicationSceneManifest_Generation = YES;
				INFOPLIST_KEY_UIApplicationSupportsIndirectInputEvents = YES;
				INFOPLIST_KEY_UILaunchScreen_Generation = YES;
				INFOPLIST_KEY_UISupportedInterfaceOrientations_iPad = "UIInterfaceOrientationPortrait UIInterfaceOrientationPortraitUpsideDown UIInterfaceOrientationLandscapeLeft UIInterfaceOrientationLandscapeRight";
				INFOPLIST_KEY_UISupportedInterfaceOrientations_iPhone = "UIInterfaceOrientationPortrait UIInterfaceOrientationLandscapeLeft UIInterfaceOrientationLandscapeRight";
				LD_RUNPATH_SEARCH_PATHS = (
					"$(inherited)",
					"@executable_path/Frameworks",
				);
				MARKETING_VERSION = 1.0;
				PRODUCT_BUNDLE_IDENTIFIER = com.abc.incs.cedricbahirwe.BrooksLaw;
				PRODUCT_NAME = "$(TARGET_NAME)";
				SWIFT_EMIT_LOC_STRINGS = YES;
				SWIFT_VERSION = 5.0;
				TARGETED_DEVICE_FAMILY = "1,2";
			};
			name = Release;
		};
/* End XCBuildConfiguration section */

/* Begin XCConfigurationList section */
		CB2136DD29437EAE00A1E992 /* Build configuration list for PBXProject "BrooksLaw" */ = {
			isa = XCConfigurationList;
			buildConfigurations = (
				CB2136EE29437EB000A1E992 /* Debug */,
				CB2136EF29437EB000A1E992 /* Release */,
			);
			defaultConfigurationIsVisible = 0;
			defaultConfigurationName = Release;
		};
		CB2136F029437EB000A1E992 /* Build configuration list for PBXNativeTarget "BrooksLaw" */ = {
			isa = XCConfigurationList;
			buildConfigurations = (
				CB2136F129437EB000A1E992 /* Debug */,
				CB2136F229437EB000A1E992 /* Release */,
			);
			defaultConfigurationIsVisible = 0;
			defaultConfigurationName = Release;
		};
/* End XCConfigurationList section */
	};
	rootObject = CB2136DA29437EAD00A1E992 /* Project object */;
}
